
Microsoft Visual Studio Solution File, Format Version 12.00
Project("{2150E333-8FDC-42A3-9474-1A3956D46DE8}") = "Server", "Server", "{C7AAE61C-436F-4FB4-988A-E33AA0A80081}"
EndProject
Project("{FAE04EC0-301F-11D3-BF4B-00C04F79EFBC}") = "UniSharp.AppServer", "src\UniSharp.AppServer\UniSharp.AppServer.csproj", "{4214381F-8A61-4046-A4AD-818784821697}"
EndProject
Project("{FAE04EC0-301F-11D3-BF4B-00C04F79EFBC}") = "UniSharp.Common.RpcServer", "src\UniSharp.Common.RpcServer\UniSharp.Common.RpcServer.csproj", "{2BB9592E-2672-4981-BD9B-A167355B18DB}"
EndProject
Project("{FAE04EC0-301F-11D3-BF4B-00C04F79EFBC}") = "UniSharp.GameServer", "src\UniSharp.GameServer\UniSharp.GameServer.csproj", "{7671FF3F-56E6-4C62-AB77-CE8BAAED4F32}"
EndProject
Project("{FAE04EC0-301F-11D3-BF4B-00C04F79EFBC}") = "UniSharp.CommandLine", "src\UniSharp.CommandLine\UniSharp.CommandLine.csproj", "{4664FA4E-F00C-42D9-8E5A-D241EAC17B26}"
EndProject
Project("{FAE04EC0-301F-11D3-BF4B-00C04F79EFBC}") = "UniSharp.Abstractions", "..\UniSharp.Shared\UniSharp.Abstractions\UniSharp.Abstractions.csproj", "{87BCC29B-E904-453A-BB05-AD1F589A01A2}"
EndProject
Project("{2150E333-8FDC-42A3-9474-1A3956D46DE8}") = "etc", "etc", "{C8F6D801-C4FA-43DB-ABA7-27CFA23044EF}"
ProjectSection(SolutionItems) = preProject
	..\.gitattributes = ..\.gitattributes
	..\.gitignore = ..\.gitignore
	..\README.md = ..\README.md
EndProjectSection
EndProject
Project("{2150E333-8FDC-42A3-9474-1A3956D46DE8}") = "Common", "Common", "{EA2AB621-0A66-4E80-8FFE-7122227F0E34}"
EndProject
Project("{FAE04EC0-301F-11D3-BF4B-00C04F79EFBC}") = "UniSharp.Common.Extensions", "src\UniSharp.Common.Extensions\UniSharp.Common.Extensions.csproj", "{1FE5B144-F6BA-4F47-9E02-1FDCE1799227}"
EndProject
Project("{2150E333-8FDC-42A3-9474-1A3956D46DE8}") = "Shared", "Shared", "{2230FE4E-D543-45BD-B773-6E04D5A6F5C4}"
EndProject
Project("{2150E333-8FDC-42A3-9474-1A3956D46DE8}") = "Server", "Server", "{F2531215-441D-4648-8DEE-C9CE629777D8}"
EndProject
Project("{2150E333-8FDC-42A3-9474-1A3956D46DE8}") = "test", "test", "{39389EDC-D846-4EBF-A57F-B2297F073F4B}"
EndProject
Project("{2150E333-8FDC-42A3-9474-1A3956D46DE8}") = "src", "src", "{12203847-6784-4950-B251-2C41CEEA3702}"
EndProject
Project("{2150E333-8FDC-42A3-9474-1A3956D46DE8}") = "Unity", "Unity", "{C2DBA0E1-F300-47E0-8ACD-B6D51705D5BF}"
ProjectSection(SolutionItems) = preProject
	..\UniSharp.Unity\UniSharp.Unity.sln.mergesettings = ..\UniSharp.Unity\UniSharp.Unity.sln.mergesettings
	..\UniSharp.Unity\.gitignore = ..\UniSharp.Unity\.gitignore
EndProjectSection
EndProject
Project("{2150E333-8FDC-42A3-9474-1A3956D46DE8}") = "Unity External", "Unity External", "{3DF1E08E-4B99-40D1-B8D9-0CB884BA59E7}"
EndProject
Project("{2150E333-8FDC-42A3-9474-1A3956D46DE8}") = "Unity Framework", "Unity Framework", "{4A99392F-2797-4F70-ABA9-1FEBBC874AEA}"
EndProject
Global
	GlobalSection(SolutionConfigurationPlatforms) = preSolution
		Debug|Any CPU = Debug|Any CPU
		Release|Any CPU = Release|Any CPU
	EndGlobalSection
	GlobalSection(ProjectConfigurationPlatforms) = postSolution
		{4214381F-8A61-4046-A4AD-818784821697}.Debug|Any CPU.ActiveCfg = Debug|Any CPU
		{4214381F-8A61-4046-A4AD-818784821697}.Debug|Any CPU.Build.0 = Debug|Any CPU
		{4214381F-8A61-4046-A4AD-818784821697}.Release|Any CPU.ActiveCfg = Release|Any CPU
		{4214381F-8A61-4046-A4AD-818784821697}.Release|Any CPU.Build.0 = Release|Any CPU
		{2BB9592E-2672-4981-BD9B-A167355B18DB}.Debug|Any CPU.ActiveCfg = Debug|Any CPU
		{2BB9592E-2672-4981-BD9B-A167355B18DB}.Debug|Any CPU.Build.0 = Debug|Any CPU
		{2BB9592E-2672-4981-BD9B-A167355B18DB}.Release|Any CPU.ActiveCfg = Release|Any CPU
		{2BB9592E-2672-4981-BD9B-A167355B18DB}.Release|Any CPU.Build.0 = Release|Any CPU
		{7671FF3F-56E6-4C62-AB77-CE8BAAED4F32}.Debug|Any CPU.ActiveCfg = Debug|Any CPU
		{7671FF3F-56E6-4C62-AB77-CE8BAAED4F32}.Debug|Any CPU.Build.0 = Debug|Any CPU
		{7671FF3F-56E6-4C62-AB77-CE8BAAED4F32}.Release|Any CPU.ActiveCfg = Release|Any CPU
		{7671FF3F-56E6-4C62-AB77-CE8BAAED4F32}.Release|Any CPU.Build.0 = Release|Any CPU
		{4664FA4E-F00C-42D9-8E5A-D241EAC17B26}.Debug|Any CPU.ActiveCfg = Debug|Any CPU
		{4664FA4E-F00C-42D9-8E5A-D241EAC17B26}.Debug|Any CPU.Build.0 = Debug|Any CPU
		{4664FA4E-F00C-42D9-8E5A-D241EAC17B26}.Release|Any CPU.ActiveCfg = Release|Any CPU
		{4664FA4E-F00C-42D9-8E5A-D241EAC17B26}.Release|Any CPU.Build.0 = Release|Any CPU
		{87BCC29B-E904-453A-BB05-AD1F589A01A2}.Debug|Any CPU.ActiveCfg = Debug|Any CPU
		{87BCC29B-E904-453A-BB05-AD1F589A01A2}.Debug|Any CPU.Build.0 = Debug|Any CPU
		{87BCC29B-E904-453A-BB05-AD1F589A01A2}.Release|Any CPU.ActiveCfg = Release|Any CPU
		{87BCC29B-E904-453A-BB05-AD1F589A01A2}.Release|Any CPU.Build.0 = Release|Any CPU
		{1FE5B144-F6BA-4F47-9E02-1FDCE1799227}.Debug|Any CPU.ActiveCfg = Debug|Any CPU
		{1FE5B144-F6BA-4F47-9E02-1FDCE1799227}.Debug|Any CPU.Build.0 = Debug|Any CPU
		{1FE5B144-F6BA-4F47-9E02-1FDCE1799227}.Release|Any CPU.ActiveCfg = Release|Any CPU
		{1FE5B144-F6BA-4F47-9E02-1FDCE1799227}.Release|Any CPU.Build.0 = Release|Any CPU
	EndGlobalSection
	GlobalSection(NestedProjects) = preSolution
		{4214381F-8A61-4046-A4AD-818784821697} = {C7AAE61C-436F-4FB4-988A-E33AA0A80081}
		{7671FF3F-56E6-4C62-AB77-CE8BAAED4F32} = {C7AAE61C-436F-4FB4-988A-E33AA0A80081}
		{4664FA4E-F00C-42D9-8E5A-D241EAC17B26} = {C7AAE61C-436F-4FB4-988A-E33AA0A80081}
		{EA2AB621-0A66-4E80-8FFE-7122227F0E34} = {C7AAE61C-436F-4FB4-988A-E33AA0A80081}
		{2BB9592E-2672-4981-BD9B-A167355B18DB} = {EA2AB621-0A66-4E80-8FFE-7122227F0E34}
		{1FE5B144-F6BA-4F47-9E02-1FDCE1799227} = {EA2AB621-0A66-4E80-8FFE-7122227F0E34}
		{87BCC29B-E904-453A-BB05-AD1F589A01A2} = {2230FE4E-D543-45BD-B773-6E04D5A6F5C4}
		{F2531215-441D-4648-8DEE-C9CE629777D8} = {39389EDC-D846-4EBF-A57F-B2297F073F4B}
		{C7AAE61C-436F-4FB4-988A-E33AA0A80081} = {12203847-6784-4950-B251-2C41CEEA3702}
		{2230FE4E-D543-45BD-B773-6E04D5A6F5C4} = {12203847-6784-4950-B251-2C41CEEA3702}
		{C2DBA0E1-F300-47E0-8ACD-B6D51705D5BF} = {12203847-6784-4950-B251-2C41CEEA3702}
		{3DF1E08E-4B99-40D1-B8D9-0CB884BA59E7} = {12203847-6784-4950-B251-2C41CEEA3702}
		{4A99392F-2797-4F70-ABA9-1FEBBC874AEA} = {12203847-6784-4950-B251-2C41CEEA3702}
	EndGlobalSection
EndGlobal
